
Microsoft Visual Studio Solution File, Format Version 12.00
# Visual Studio Version 17
VisualStudioVersion = 17.5.002.0
MinimumVisualStudioVersion = 10.0.40219.1
Project("{9A19103F-16F7-4668-BE54-9A1E7A4F7556}") = "dz", "dz.csproj", "{C2E26B89-9F5A-450F-9572-B2E031EF3F6C}"
EndProject
Global
	GlobalSection(SolutionConfigurationPlatforms) = preSolution
		Debug|Any CPU = Debug|Any CPU
		Release|Any CPU = Release|Any CPU
	EndGlobalSection
	GlobalSection(ProjectConfigurationPlatforms) = postSolution
		{C2E26B89-9F5A-450F-9572-B2E031EF3F6C}.Debug|Any CPU.ActiveCfg = Debug|Any CPU
		{C2E26B89-9F5A-450F-9572-B2E031EF3F6C}.Debug|Any CPU.Build.0 = Debug|Any CPU
		{C2E26B89-9F5A-450F-9572-B2E031EF3F6C}.Release|Any CPU.ActiveCfg = Release|Any CPU
		{C2E26B89-9F5A-450F-9572-B2E031EF3F6C}.Release|Any CPU.Build.0 = Release|Any CPU
	EndGlobalSection
	GlobalSection(SolutionProperties) = preSolution
		HideSolutionNode = FALSE
	EndGlobalSection
	GlobalSection(ExtensibilityGlobals) = postSolution
		SolutionGuid = {AF8AC9E0-C299-4C9D-8A6D-8EB545523526}
	EndGlobalSection
EndGlobal
